
Microsoft Visual Studio Solution File, Format Version 12.00
# Visual Studio Version 17
VisualStudioVersion = 17.0.32112.339
MinimumVisualStudioVersion = 10.0.40219.1
Project("{FAE04EC0-301F-11D3-BF4B-00C04F79EFBC}") = "FrequenciaDeNumeros.ConsoleApp", "FrequenciaDeNumeros.ConsoleApp\FrequenciaDeNumeros.ConsoleApp.csproj", "{0E270722-0102-495C-B4C0-87F598CD0C29}"
EndProject
Global
	GlobalSection(SolutionConfigurationPlatforms) = preSolution
		Debug|Any CPU = Debug|Any CPU
		Release|Any CPU = Release|Any CPU
	EndGlobalSection
	GlobalSection(ProjectConfigurationPlatforms) = postSolution
		{0E270722-0102-495C-B4C0-87F598CD0C29}.Debug|Any CPU.ActiveCfg = Debug|Any CPU
		{0E270722-0102-495C-B4C0-87F598CD0C29}.Debug|Any CPU.Build.0 = Debug|Any CPU
		{0E270722-0102-495C-B4C0-87F598CD0C29}.Release|Any CPU.ActiveCfg = Release|Any CPU
		{0E270722-0102-495C-B4C0-87F598CD0C29}.Release|Any CPU.Build.0 = Release|Any CPU
	EndGlobalSection
	GlobalSection(SolutionProperties) = preSolution
		HideSolutionNode = FALSE
	EndGlobalSection
	GlobalSection(ExtensibilityGlobals) = postSolution
		SolutionGuid = {669ECAF7-10E1-4856-92EB-006508C91831}
	EndGlobalSection
EndGlobal
